// !$*UTF8*$!
{
	archiveVersion = 1;
	classes = {
	};
	objectVersion = 48;
	objects = {

/* Begin PBXBuildFile section */
		43CD12941F8D325500CD05D5 /* AppDelegate.swift in Sources */ = {isa = PBXBuildFile; fileRef = 43CD12931F8D325500CD05D5 /* AppDelegate.swift */; };
		43CD12961F8D325500CD05D5 /* ViewController.swift in Sources */ = {isa = PBXBuildFile; fileRef = 43CD12951F8D325500CD05D5 /* ViewController.swift */; };
		43CD12991F8D325500CD05D5 /* Main.storyboard in Resources */ = {isa = PBXBuildFile; fileRef = 43CD12971F8D325500CD05D5 /* Main.storyboard */; };
		43CD129B1F8D325500CD05D5 /* Assets.xcassets in Resources */ = {isa = PBXBuildFile; fileRef = 43CD129A1F8D325500CD05D5 /* Assets.xcassets */; };
		43CD129E1F8D325500CD05D5 /* LaunchScreen.storyboard in Resources */ = {isa = PBXBuildFile; fileRef = 43CD129C1F8D325500CD05D5 /* LaunchScreen.storyboard */; };
		43CD12A91F8D325500CD05D5 /* Swift_WebKitBrowser_AlphaTests.swift in Sources */ = {isa = PBXBuildFile; fileRef = 43CD12A81F8D325500CD05D5 /* Swift_WebKitBrowser_AlphaTests.swift */; };
		43CD12B41F8D325500CD05D5 /* Swift_WebKitBrowser_AlphaUITests.swift in Sources */ = {isa = PBXBuildFile; fileRef = 43CD12B31F8D325500CD05D5 /* Swift_WebKitBrowser_AlphaUITests.swift */; };
/* End PBXBuildFile section */

/* Begin PBXContainerItemProxy section */
		43CD12A51F8D325500CD05D5 /* PBXContainerItemProxy */ = {
			isa = PBXContainerItemProxy;
			containerPortal = 43CD12881F8D325500CD05D5 /* Project object */;
			proxyType = 1;
			remoteGlobalIDString = 43CD128F1F8D325500CD05D5;
			remoteInfo = "Swift-WebKitBrowser-Alpha";
		};
		43CD12B01F8D325500CD05D5 /* PBXContainerItemProxy */ = {
			isa = PBXContainerItemProxy;
			containerPortal = 43CD12881F8D325500CD05D5 /* Project object */;
			proxyType = 1;
			remoteGlobalIDString = 43CD128F1F8D325500CD05D5;
			remoteInfo = "Swift-WebKitBrowser-Alpha";
		};
/* End PBXContainerItemProxy section */

/* Begin PBXFileReference section */
		43CD12901F8D325500CD05D5 /* Swift-WebKitBrowser-Alpha.app */ = {isa = PBXFileReference; explicitFileType = wrapper.application; includeInIndex = 0; path = "Swift-WebKitBrowser-Alpha.app"; sourceTree = BUILT_PRODUCTS_DIR; };
		43CD12931F8D325500CD05D5 /* AppDelegate.swift */ = {isa = PBXFileReference; lastKnownFileType = sourcecode.swift; path = AppDelegate.swift; sourceTree = "<group>"; };
		43CD12951F8D325500CD05D5 /* ViewController.swift */ = {isa = PBXFileReference; lastKnownFileType = sourcecode.swift; path = ViewController.swift; sourceTree = "<group>"; };
		43CD12981F8D325500CD05D5 /* Base */ = {isa = PBXFileReference; lastKnownFileType = file.storyboard; name = Base; path = Base.lproj/Main.storyboard; sourceTree = "<group>"; };
		43CD129A1F8D325500CD05D5 /* Assets.xcassets */ = {isa = PBXFileReference; lastKnownFileType = folder.assetcatalog; path = Assets.xcassets; sourceTree = "<group>"; };
		43CD129D1F8D325500CD05D5 /* Base */ = {isa = PBXFileReference; lastKnownFileType = file.storyboard; name = Base; path = Base.lproj/LaunchScreen.storyboard; sourceTree = "<group>"; };
		43CD129F1F8D325500CD05D5 /* Info.plist */ = {isa = PBXFileReference; lastKnownFileType = text.plist.xml; path = Info.plist; sourceTree = "<group>"; };
		43CD12A41F8D325500CD05D5 /* Swift-WebKitBrowser-AlphaTests.xctest */ = {isa = PBXFileReference; explicitFileType = wrapper.cfbundle; includeInIndex = 0; path = "Swift-WebKitBrowser-AlphaTests.xctest"; sourceTree = BUILT_PRODUCTS_DIR; };
		43CD12A81F8D325500CD05D5 /* Swift_WebKitBrowser_AlphaTests.swift */ = {isa = PBXFileReference; lastKnownFileType = sourcecode.swift; path = Swift_WebKitBrowser_AlphaTests.swift; sourceTree = "<group>"; };
		43CD12AA1F8D325500CD05D5 /* Info.plist */ = {isa = PBXFileReference; lastKnownFileType = text.plist.xml; path = Info.plist; sourceTree = "<group>"; };
		43CD12AF1F8D325500CD05D5 /* Swift-WebKitBrowser-AlphaUITests.xctest */ = {isa = PBXFileReference; explicitFileType = wrapper.cfbundle; includeInIndex = 0; path = "Swift-WebKitBrowser-AlphaUITests.xctest"; sourceTree = BUILT_PRODUCTS_DIR; };
		43CD12B31F8D325500CD05D5 /* Swift_WebKitBrowser_AlphaUITests.swift */ = {isa = PBXFileReference; lastKnownFileType = sourcecode.swift; path = Swift_WebKitBrowser_AlphaUITests.swift; sourceTree = "<group>"; };
		43CD12B51F8D325500CD05D5 /* Info.plist */ = {isa = PBXFileReference; lastKnownFileType = text.plist.xml; path = Info.plist; sourceTree = "<group>"; };
/* End PBXFileReference section */

/* Begin PBXFrameworksBuildPhase section */
		43CD128D1F8D325500CD05D5 /* Frameworks */ = {
			isa = PBXFrameworksBuildPhase;
			buildActionMask = 2147483647;
			files = (
			);
			runOnlyForDeploymentPostprocessing = 0;
		};
		43CD12A11F8D325500CD05D5 /* Frameworks */ = {
			isa = PBXFrameworksBuildPhase;
			buildActionMask = 2147483647;
			files = (
			);
			runOnlyForDeploymentPostprocessing = 0;
		};
		43CD12AC1F8D325500CD05D5 /* Frameworks */ = {
			isa = PBXFrameworksBuildPhase;
			buildActionMask = 2147483647;
			files = (
			);
			runOnlyForDeploymentPostprocessing = 0;
		};
/* End PBXFrameworksBuildPhase section */

/* Begin PBXGroup section */
		43CD12871F8D325500CD05D5 = {
			isa = PBXGroup;
			children = (
				43CD12921F8D325500CD05D5 /* Swift-WebKitBrowser-Alpha */,
				43CD12A71F8D325500CD05D5 /* Swift-WebKitBrowser-AlphaTests */,
				43CD12B21F8D325500CD05D5 /* Swift-WebKitBrowser-AlphaUITests */,
				43CD12911F8D325500CD05D5 /* Products */,
			);
			sourceTree = "<group>";
		};
		43CD12911F8D325500CD05D5 /* Products */ = {
			isa = PBXGroup;
			children = (
				43CD12901F8D325500CD05D5 /* Swift-WebKitBrowser-Alpha.app */,
				43CD12A41F8D325500CD05D5 /* Swift-WebKitBrowser-AlphaTests.xctest */,
				43CD12AF1F8D325500CD05D5 /* Swift-WebKitBrowser-AlphaUITests.xctest */,
			);
			name = Products;
			sourceTree = "<group>";
		};
		43CD12921F8D325500CD05D5 /* Swift-WebKitBrowser-Alpha */ = {
			isa = PBXGroup;
			children = (
				43CD12931F8D325500CD05D5 /* AppDelegate.swift */,
				43CD12951F8D325500CD05D5 /* ViewController.swift */,
				43CD12971F8D325500CD05D5 /* Main.storyboard */,
				43CD129A1F8D325500CD05D5 /* Assets.xcassets */,
				43CD129C1F8D325500CD05D5 /* LaunchScreen.storyboard */,
				43CD129F1F8D325500CD05D5 /* Info.plist */,
			);
			path = "Swift-WebKitBrowser-Alpha";
			sourceTree = "<group>";
		};
		43CD12A71F8D325500CD05D5 /* Swift-WebKitBrowser-AlphaTests */ = {
			isa = PBXGroup;
			children = (
				43CD12A81F8D325500CD05D5 /* Swift_WebKitBrowser_AlphaTests.swift */,
				43CD12AA1F8D325500CD05D5 /* Info.plist */,
			);
			path = "Swift-WebKitBrowser-AlphaTests";
			sourceTree = "<group>";
		};
		43CD12B21F8D325500CD05D5 /* Swift-WebKitBrowser-AlphaUITests */ = {
			isa = PBXGroup;
			children = (
				43CD12B31F8D325500CD05D5 /* Swift_WebKitBrowser_AlphaUITests.swift */,
				43CD12B51F8D325500CD05D5 /* Info.plist */,
			);
			path = "Swift-WebKitBrowser-AlphaUITests";
			sourceTree = "<group>";
		};
/* End PBXGroup section */

/* Begin PBXNativeTarget section */
		43CD128F1F8D325500CD05D5 /* Swift-WebKitBrowser-Alpha */ = {
			isa = PBXNativeTarget;
			buildConfigurationList = 43CD12B81F8D325500CD05D5 /* Build configuration list for PBXNativeTarget "Swift-WebKitBrowser-Alpha" */;
			buildPhases = (
				43CD128C1F8D325500CD05D5 /* Sources */,
				43CD128D1F8D325500CD05D5 /* Frameworks */,
				43CD128E1F8D325500CD05D5 /* Resources */,
			);
			buildRules = (
			);
			dependencies = (
			);
			name = "Swift-WebKitBrowser-Alpha";
			productName = "Swift-WebKitBrowser-Alpha";
			productReference = 43CD12901F8D325500CD05D5 /* Swift-WebKitBrowser-Alpha.app */;
			productType = "com.apple.product-type.application";
		};
		43CD12A31F8D325500CD05D5 /* Swift-WebKitBrowser-AlphaTests */ = {
			isa = PBXNativeTarget;
			buildConfigurationList = 43CD12BB1F8D325500CD05D5 /* Build configuration list for PBXNativeTarget "Swift-WebKitBrowser-AlphaTests" */;
			buildPhases = (
				43CD12A01F8D325500CD05D5 /* Sources */,
				43CD12A11F8D325500CD05D5 /* Frameworks */,
				43CD12A21F8D325500CD05D5 /* Resources */,
			);
			buildRules = (
			);
			dependencies = (
				43CD12A61F8D325500CD05D5 /* PBXTargetDependency */,
			);
			name = "Swift-WebKitBrowser-AlphaTests";
			productName = "Swift-WebKitBrowser-AlphaTests";
			productReference = 43CD12A41F8D325500CD05D5 /* Swift-WebKitBrowser-AlphaTests.xctest */;
			productType = "com.apple.product-type.bundle.unit-test";
		};
		43CD12AE1F8D325500CD05D5 /* Swift-WebKitBrowser-AlphaUITests */ = {
			isa = PBXNativeTarget;
			buildConfigurationList = 43CD12BE1F8D325500CD05D5 /* Build configuration list for PBXNativeTarget "Swift-WebKitBrowser-AlphaUITests" */;
			buildPhases = (
				43CD12AB1F8D325500CD05D5 /* Sources */,
				43CD12AC1F8D325500CD05D5 /* Frameworks */,
				43CD12AD1F8D325500CD05D5 /* Resources */,
			);
			buildRules = (
			);
			dependencies = (
				43CD12B11F8D325500CD05D5 /* PBXTargetDependency */,
			);
			name = "Swift-WebKitBrowser-AlphaUITests";
			productName = "Swift-WebKitBrowser-AlphaUITests";
			productReference = 43CD12AF1F8D325500CD05D5 /* Swift-WebKitBrowser-AlphaUITests.xctest */;
			productType = "com.apple.product-type.bundle.ui-testing";
		};
/* End PBXNativeTarget section */

/* Begin PBXProject section */
		43CD12881F8D325500CD05D5 /* Project object */ = {
			isa = PBXProject;
			attributes = {
				LastSwiftUpdateCheck = 0900;
				LastUpgradeCheck = 0900;
				ORGANIZATIONNAME = "竹内健";
				TargetAttributes = {
					43CD128F1F8D325500CD05D5 = {
						CreatedOnToolsVersion = 9.0;
						ProvisioningStyle = Automatic;
					};
					43CD12A31F8D325500CD05D5 = {
						CreatedOnToolsVersion = 9.0;
						ProvisioningStyle = Automatic;
						TestTargetID = 43CD128F1F8D325500CD05D5;
					};
					43CD12AE1F8D325500CD05D5 = {
						CreatedOnToolsVersion = 9.0;
						ProvisioningStyle = Automatic;
						TestTargetID = 43CD128F1F8D325500CD05D5;
					};
				};
			};
			buildConfigurationList = 43CD128B1F8D325500CD05D5 /* Build configuration list for PBXProject "Swift-WebKitBrowser-Alpha" */;
			compatibilityVersion = "Xcode 8.0";
			developmentRegion = en;
			hasScannedForEncodings = 0;
			knownRegions = (
				en,
				Base,
			);
			mainGroup = 43CD12871F8D325500CD05D5;
			productRefGroup = 43CD12911F8D325500CD05D5 /* Products */;
			projectDirPath = "";
			projectRoot = "";
			targets = (
				43CD128F1F8D325500CD05D5 /* Swift-WebKitBrowser-Alpha */,
				43CD12A31F8D325500CD05D5 /* Swift-WebKitBrowser-AlphaTests */,
				43CD12AE1F8D325500CD05D5 /* Swift-WebKitBrowser-AlphaUITests */,
			);
		};
/* End PBXProject section */

/* Begin PBXResourcesBuildPhase section */
		43CD128E1F8D325500CD05D5 /* Resources */ = {
			isa = PBXResourcesBuildPhase;
			buildActionMask = 2147483647;
			files = (
				43CD129E1F8D325500CD05D5 /* LaunchScreen.storyboard in Resources */,
				43CD129B1F8D325500CD05D5 /* Assets.xcassets in Resources */,
				43CD12991F8D325500CD05D5 /* Main.storyboard in Resources */,
			);
			runOnlyForDeploymentPostprocessing = 0;
		};
		43CD12A21F8D325500CD05D5 /* Resources */ = {
			isa = PBXResourcesBuildPhase;
			buildActionMask = 2147483647;
			files = (
			);
			runOnlyForDeploymentPostprocessing = 0;
		};
		43CD12AD1F8D325500CD05D5 /* Resources */ = {
			isa = PBXResourcesBuildPhase;
			buildActionMask = 2147483647;
			files = (
			);
			runOnlyForDeploymentPostprocessing = 0;
		};
/* End PBXResourcesBuildPhase section */

/* Begin PBXSourcesBuildPhase section */
		43CD128C1F8D325500CD05D5 /* Sources */ = {
			isa = PBXSourcesBuildPhase;
			buildActionMask = 2147483647;
			files = (
				43CD12961F8D325500CD05D5 /* ViewController.swift in Sources */,
				43CD12941F8D325500CD05D5 /* AppDelegate.swift in Sources */,
			);
			runOnlyForDeploymentPostprocessing = 0;
		};
		43CD12A01F8D325500CD05D5 /* Sources */ = {
			isa = PBXSourcesBuildPhase;
			buildActionMask = 2147483647;
			files = (
				43CD12A91F8D325500CD05D5 /* Swift_WebKitBrowser_AlphaTests.swift in Sources */,
			);
			runOnlyForDeploymentPostprocessing = 0;
		};
		43CD12AB1F8D325500CD05D5 /* Sources */ = {
			isa = PBXSourcesBuildPhase;
			buildActionMask = 2147483647;
			files = (
				43CD12B41F8D325500CD05D5 /* Swift_WebKitBrowser_AlphaUITests.swift in Sources */,
			);
			runOnlyForDeploymentPostprocessing = 0;
		};
/* End PBXSourcesBuildPhase section */

/* Begin PBXTargetDependency section */
		43CD12A61F8D325500CD05D5 /* PBXTargetDependency */ = {
			isa = PBXTargetDependency;
			target = 43CD128F1F8D325500CD05D5 /* Swift-WebKitBrowser-Alpha */;
			targetProxy = 43CD12A51F8D325500CD05D5 /* PBXContainerItemProxy */;
		};
		43CD12B11F8D325500CD05D5 /* PBXTargetDependency */ = {
			isa = PBXTargetDependency;
			target = 43CD128F1F8D325500CD05D5 /* Swift-WebKitBrowser-Alpha */;
			targetProxy = 43CD12B01F8D325500CD05D5 /* PBXContainerItemProxy */;
		};
/* End PBXTargetDependency section */

/* Begin PBXVariantGroup section */
		43CD12971F8D325500CD05D5 /* Main.storyboard */ = {
			isa = PBXVariantGroup;
			children = (
				43CD12981F8D325500CD05D5 /* Base */,
			);
			name = Main.storyboard;
			sourceTree = "<group>";
		};
		43CD129C1F8D325500CD05D5 /* LaunchScreen.storyboard */ = {
			isa = PBXVariantGroup;
			children = (
				43CD129D1F8D325500CD05D5 /* Base */,
			);
			name = LaunchScreen.storyboard;
			sourceTree = "<group>";
		};
/* End PBXVariantGroup section */

/* Begin XCBuildConfiguration section */
		43CD12B61F8D325500CD05D5 /* Debug */ = {
			isa = XCBuildConfiguration;
			buildSettings = {
				ALWAYS_SEARCH_USER_PATHS = NO;
				CLANG_ANALYZER_NONNULL = YES;
				CLANG_ANALYZER_NUMBER_OBJECT_CONVERSION = YES_AGGRESSIVE;
				CLANG_CXX_LANGUAGE_STANDARD = "gnu++14";
				CLANG_CXX_LIBRARY = "libc++";
				CLANG_ENABLE_MODULES = YES;
				CLANG_ENABLE_OBJC_ARC = YES;
				CLANG_WARN_BLOCK_CAPTURE_AUTORELEASING = YES;
				CLANG_WARN_BOOL_CONVERSION = YES;
				CLANG_WARN_COMMA = YES;
				CLANG_WARN_CONSTANT_CONVERSION = YES;
				CLANG_WARN_DIRECT_OBJC_ISA_USAGE = YES_ERROR;
				CLANG_WARN_DOCUMENTATION_COMMENTS = YES;
				CLANG_WARN_EMPTY_BODY = YES;
				CLANG_WARN_ENUM_CONVERSION = YES;
				CLANG_WARN_INFINITE_RECURSION = YES;
				CLANG_WARN_INT_CONVERSION = YES;
				CLANG_WARN_NON_LITERAL_NULL_CONVERSION = YES;
				CLANG_WARN_OBJC_LITERAL_CONVERSION = YES;
				CLANG_WARN_OBJC_ROOT_CLASS = YES_ERROR;
				CLANG_WARN_RANGE_LOOP_ANALYSIS = YES;
				CLANG_WARN_STRICT_PROTOTYPES = YES;
				CLANG_WARN_SUSPICIOUS_MOVE = YES;
				CLANG_WARN_UNGUARDED_AVAILABILITY = YES_AGGRESSIVE;
				CLANG_WARN_UNREACHABLE_CODE = YES;
				CLANG_WARN__DUPLICATE_METHOD_MATCH = YES;
				CODE_SIGN_IDENTITY = "iPhone Developer";
				COPY_PHASE_STRIP = NO;
				DEBUG_INFORMATION_FORMAT = dwarf;
				ENABLE_STRICT_OBJC_MSGSEND = YES;
				ENABLE_TESTABILITY = YES;
				GCC_C_LANGUAGE_STANDARD = gnu11;
				GCC_DYNAMIC_NO_PIC = NO;
				GCC_NO_COMMON_BLOCKS = YES;
				GCC_OPTIMIZATION_LEVEL = 0;
				GCC_PREPROCESSOR_DEFINITIONS = (
					"DEBUG=1",
					"$(inherited)",
				);
				GCC_WARN_64_TO_32_BIT_CONVERSION = YES;
				GCC_WARN_ABOUT_RETURN_TYPE = YES_ERROR;
				GCC_WARN_UNDECLARED_SELECTOR = YES;
				GCC_WARN_UNINITIALIZED_AUTOS = YES_AGGRESSIVE;
				GCC_WARN_UNUSED_FUNCTION = YES;
				GCC_WARN_UNUSED_VARIABLE = YES;
				IPHONEOS_DEPLOYMENT_TARGET = 11.0;
				MTL_ENABLE_DEBUG_INFO = YES;
				ONLY_ACTIVE_ARCH = YES;
				SDKROOT = iphoneos;
				SWIFT_ACTIVE_COMPILATION_CONDITIONS = DEBUG;
				SWIFT_OPTIMIZATION_LEVEL = "-Onone";
			};
			name = Debug;
		};
		43CD12B71F8D325500CD05D5 /* Release */ = {
			isa = XCBuildConfiguration;
			buildSettings = {
				ALWAYS_SEARCH_USER_PATHS = NO;
				CLANG_ANALYZER_NONNULL = YES;
				CLANG_ANALYZER_NUMBER_OBJECT_CONVERSION = YES_AGGRESSIVE;
				CLANG_CXX_LANGUAGE_STANDARD = "gnu++14";
				CLANG_CXX_LIBRARY = "libc++";
				CLANG_ENABLE_MODULES = YES;
				CLANG_ENABLE_OBJC_ARC = YES;
				CLANG_WARN_BLOCK_CAPTURE_AUTORELEASING = YES;
				CLANG_WARN_BOOL_CONVERSION = YES;
				CLANG_WARN_COMMA = YES;
				CLANG_WARN_CONSTANT_CONVERSION = YES;
				CLANG_WARN_DIRECT_OBJC_ISA_USAGE = YES_ERROR;
				CLANG_WARN_DOCUMENTATION_COMMENTS = YES;
				CLANG_WARN_EMPTY_BODY = YES;
				CLANG_WARN_ENUM_CONVERSION = YES;
				CLANG_WARN_INFINITE_RECURSION = YES;
				CLANG_WARN_INT_CONVERSION = YES;
				CLANG_WARN_NON_LITERAL_NULL_CONVERSION = YES;
				CLANG_WARN_OBJC_LITERAL_CONVERSION = YES;
				CLANG_WARN_OBJC_ROOT_CLASS = YES_ERROR;
				CLANG_WARN_RANGE_LOOP_ANALYSIS = YES;
				CLANG_WARN_STRICT_PROTOTYPES = YES;
				CLANG_WARN_SUSPICIOUS_MOVE = YES;
				CLANG_WARN_UNGUARDED_AVAILABILITY = YES_AGGRESSIVE;
				CLANG_WARN_UNREACHABLE_CODE = YES;
				CLANG_WARN__DUPLICATE_METHOD_MATCH = YES;
				CODE_SIGN_IDENTITY = "iPhone Developer";
				COPY_PHASE_STRIP = NO;
				DEBUG_INFORMATION_FORMAT = "dwarf-with-dsym";
				ENABLE_NS_ASSERTIONS = NO;
				ENABLE_STRICT_OBJC_MSGSEND = YES;
				GCC_C_LANGUAGE_STANDARD = gnu11;
				GCC_NO_COMMON_BLOCKS = YES;
				GCC_WARN_64_TO_32_BIT_CONVERSION = YES;
				GCC_WARN_ABOUT_RETURN_TYPE = YES_ERROR;
				GCC_WARN_UNDECLARED_SELECTOR = YES;
				GCC_WARN_UNINITIALIZED_AUTOS = YES_AGGRESSIVE;
				GCC_WARN_UNUSED_FUNCTION = YES;
				GCC_WARN_UNUSED_VARIABLE = YES;
				IPHONEOS_DEPLOYMENT_TARGET = 11.0;
				MTL_ENABLE_DEBUG_INFO = NO;
				SDKROOT = iphoneos;
				SWIFT_OPTIMIZATION_LEVEL = "-Owholemodule";
				VALIDATE_PRODUCT = YES;
			};
			name = Release;
		};
		43CD12B91F8D325500CD05D5 /* Debug */ = {
			isa = XCBuildConfiguration;
			buildSettings = {
				ASSETCATALOG_COMPILER_APPICON_NAME = AppIcon;
				CODE_SIGN_STYLE = Automatic;
				INFOPLIST_FILE = "Swift-WebKitBrowser-Alpha/Info.plist";
				LD_RUNPATH_SEARCH_PATHS = "$(inherited) @executable_path/Frameworks";
				PRODUCT_BUNDLE_IDENTIFIER = "com.tk.Webkit.WebBrowser.Alpha.Swift-WebKitBrowser-Alpha";
				PRODUCT_NAME = "$(TARGET_NAME)";
				SWIFT_VERSION = 4.0;
				TARGETED_DEVICE_FAMILY = "1,2";
			};
			name = Debug;
		};
		43CD12BA1F8D325500CD05D5 /* Release */ = {
			isa = XCBuildConfiguration;
			buildSettings = {
				ASSETCATALOG_COMPILER_APPICON_NAME = AppIcon;
				CODE_SIGN_STYLE = Automatic;
				INFOPLIST_FILE = "Swift-WebKitBrowser-Alpha/Info.plist";
				LD_RUNPATH_SEARCH_PATHS = "$(inherited) @executable_path/Frameworks";
				PRODUCT_BUNDLE_IDENTIFIER = "com.tk.Webkit.WebBrowser.Alpha.Swift-WebKitBrowser-Alpha";
				PRODUCT_NAME = "$(TARGET_NAME)";
				SWIFT_VERSION = 4.0;
				TARGETED_DEVICE_FAMILY = "1,2";
			};
			name = Release;
		};
		43CD12BC1F8D325500CD05D5 /* Debug */ = {
			isa = XCBuildConfiguration;
			buildSettings = {
				ALWAYS_EMBED_SWIFT_STANDARD_LIBRARIES = YES;
				BUNDLE_LOADER = "$(TEST_HOST)";
				CODE_SIGN_STYLE = Automatic;
				INFOPLIST_FILE = "Swift-WebKitBrowser-AlphaTests/Info.plist";
				LD_RUNPATH_SEARCH_PATHS = "$(inherited) @executable_path/Frameworks @loader_path/Frameworks";
				PRODUCT_BUNDLE_IDENTIFIER = "com.tk.Webkit.WebBrowser.Alpha.Swift-WebKitBrowser-AlphaTests";
				PRODUCT_NAME = "$(TARGET_NAME)";
				SWIFT_VERSION = 4.0;
				TARGETED_DEVICE_FAMILY = "1,2";
				TEST_HOST = "$(BUILT_PRODUCTS_DIR)/Swift-WebKitBrowser-Alpha.app/Swift-WebKitBrowser-Alpha";
			};
			name = Debug;
		};
		43CD12BD1F8D325500CD05D5 /* Release */ = {
			isa = XCBuildConfiguration;
			buildSettings = {
				ALWAYS_EMBED_SWIFT_STANDARD_LIBRARIES = YES;
				BUNDLE_LOADER = "$(TEST_HOST)";
				CODE_SIGN_STYLE = Automatic;
				INFOPLIST_FILE = "Swift-WebKitBrowser-AlphaTests/Info.plist";
				LD_RUNPATH_SEARCH_PATHS = "$(inherited) @executable_path/Frameworks @loader_path/Frameworks";
				PRODUCT_BUNDLE_IDENTIFIER = "com.tk.Webkit.WebBrowser.Alpha.Swift-WebKitBrowser-AlphaTests";
				PRODUCT_NAME = "$(TARGET_NAME)";
				SWIFT_VERSION = 4.0;
				TARGETED_DEVICE_FAMILY = "1,2";
				TEST_HOST = "$(BUILT_PRODUCTS_DIR)/Swift-WebKitBrowser-Alpha.app/Swift-WebKitBrowser-Alpha";
			};
			name = Release;
		};
		43CD12BF1F8D325500CD05D5 /* Debug */ = {
			isa = XCBuildConfiguration;
			buildSettings = {
				ALWAYS_EMBED_SWIFT_STANDARD_LIBRARIES = YES;
				CODE_SIGN_STYLE = Automatic;
				INFOPLIST_FILE = "Swift-WebKitBrowser-AlphaUITests/Info.plist";
				LD_RUNPATH_SEARCH_PATHS = "$(inherited) @executable_path/Frameworks @loader_path/Frameworks";
				PRODUCT_BUNDLE_IDENTIFIER = "com.tk.Webkit.WebBrowser.Alpha.Swift-WebKitBrowser-AlphaUITests";
				PRODUCT_NAME = "$(TARGET_NAME)";
				SWIFT_VERSION = 4.0;
				TARGETED_DEVICE_FAMILY = "1,2";
				TEST_TARGET_NAME = "Swift-WebKitBrowser-Alpha";
			};
			name = Debug;
		};
		43CD12C01F8D325500CD05D5 /* Release */ = {
			isa = XCBuildConfiguration;
			buildSettings = {
				ALWAYS_EMBED_SWIFT_STANDARD_LIBRARIES = YES;
				CODE_SIGN_STYLE = Automatic;
				INFOPLIST_FILE = "Swift-WebKitBrowser-AlphaUITests/Info.plist";
				LD_RUNPATH_SEARCH_PATHS = "$(inherited) @executable_path/Frameworks @loader_path/Frameworks";
				PRODUCT_BUNDLE_IDENTIFIER = "com.tk.Webkit.WebBrowser.Alpha.Swift-WebKitBrowser-AlphaUITests";
				PRODUCT_NAME = "$(TARGET_NAME)";
				SWIFT_VERSION = 4.0;
				TARGETED_DEVICE_FAMILY = "1,2";
				TEST_TARGET_NAME = "Swift-WebKitBrowser-Alpha";
			};
			name = Release;
		};
/* End XCBuildConfiguration section */

/* Begin XCConfigurationList section */
		43CD128B1F8D325500CD05D5 /* Build configuration list for PBXProject "Swift-WebKitBrowser-Alpha" */ = {
			isa = XCConfigurationList;
			buildConfigurations = (
				43CD12B61F8D325500CD05D5 /* Debug */,
				43CD12B71F8D325500CD05D5 /* Release */,
			);
			defaultConfigurationIsVisible = 0;
			defaultConfigurationName = Release;
		};
		43CD12B81F8D325500CD05D5 /* Build configuration list for PBXNativeTarget "Swift-WebKitBrowser-Alpha" */ = {
			isa = XCConfigurationList;
			buildConfigurations = (
				43CD12B91F8D325500CD05D5 /* Debug */,
				43CD12BA1F8D325500CD05D5 /* Release */,
			);
			defaultConfigurationIsVisible = 0;
			defaultConfigurationName = Release;
		};
		43CD12BB1F8D325500CD05D5 /* Build configuration list for PBXNativeTarget "Swift-WebKitBrowser-AlphaTests" */ = {
			isa = XCConfigurationList;
			buildConfigurations = (
				43CD12BC1F8D325500CD05D5 /* Debug */,
				43CD12BD1F8D325500CD05D5 /* Release */,
			);
			defaultConfigurationIsVisible = 0;
			defaultConfigurationName = Release;
		};
		43CD12BE1F8D325500CD05D5 /* Build configuration list for PBXNativeTarget "Swift-WebKitBrowser-AlphaUITests" */ = {
			isa = XCConfigurationList;
			buildConfigurations = (
				43CD12BF1F8D325500CD05D5 /* Debug */,
				43CD12C01F8D325500CD05D5 /* Release */,
			);
			defaultConfigurationIsVisible = 0;
			defaultConfigurationName = Release;
		};
/* End XCConfigurationList section */
	};
	rootObject = 43CD12881F8D325500CD05D5 /* Project object */;
}
